
Microsoft Visual Studio Solution File, Format Version 12.00
# Visual Studio Version 16
VisualStudioVersion = 16.0.30114.105
MinimumVisualStudioVersion = 10.0.40219.1
Project("{9A19103F-16F7-4668-BE54-9A1E7A4F7556}") = "AutoLot.Dal.Models", "AutoLot.Dal.Models\AutoLot.Dal.Models.csproj", "{5051DF85-9130-47DF-801B-270408FE4842}"
EndProject
Project("{9A19103F-16F7-4668-BE54-9A1E7A4F7556}") = "AutoLot.Dal", "AutoLot.Dal\AutoLot.Dal.csproj", "{F9C604A6-31E7-40FE-AD91-38C7ADB688EB}"
EndProject
Project("{9A19103F-16F7-4668-BE54-9A1E7A4F7556}") = "AutoLot.Dal.Tests", "AutoLot.Dal.Tests\AutoLot.Dal.Tests.csproj", "{53F1BF1F-9DE9-426B-B51F-4A50BE6DDA0D}"
EndProject
Project("{9A19103F-16F7-4668-BE54-9A1E7A4F7556}") = "AutoLot.Web", "AutoLot.Web\AutoLot.Web.csproj", "{50ACBB36-F4D0-44E6-856C-D928E2341CD5}"
EndProject
Project("{2150E333-8FDC-42A3-9474-1A3956D46DE8}") = "SolutionItems", "SolutionItems", "{4ED7DD38-A4DF-438F-837D-2D890BD23979}"
	ProjectSection(SolutionItems) = preProject
		Docker.txt = Docker.txt
		Migrations.txt = Migrations.txt
	EndProjectSection
EndProject
Global
	GlobalSection(SolutionConfigurationPlatforms) = preSolution
		Debug|Any CPU = Debug|Any CPU
		Release|Any CPU = Release|Any CPU
	EndGlobalSection
	GlobalSection(ProjectConfigurationPlatforms) = postSolution
		{5051DF85-9130-47DF-801B-270408FE4842}.Debug|Any CPU.ActiveCfg = Debug|Any CPU
		{5051DF85-9130-47DF-801B-270408FE4842}.Debug|Any CPU.Build.0 = Debug|Any CPU
		{5051DF85-9130-47DF-801B-270408FE4842}.Release|Any CPU.ActiveCfg = Release|Any CPU
		{5051DF85-9130-47DF-801B-270408FE4842}.Release|Any CPU.Build.0 = Release|Any CPU
		{F9C604A6-31E7-40FE-AD91-38C7ADB688EB}.Debug|Any CPU.ActiveCfg = Debug|Any CPU
		{F9C604A6-31E7-40FE-AD91-38C7ADB688EB}.Debug|Any CPU.Build.0 = Debug|Any CPU
		{F9C604A6-31E7-40FE-AD91-38C7ADB688EB}.Release|Any CPU.ActiveCfg = Release|Any CPU
		{F9C604A6-31E7-40FE-AD91-38C7ADB688EB}.Release|Any CPU.Build.0 = Release|Any CPU
		{53F1BF1F-9DE9-426B-B51F-4A50BE6DDA0D}.Debug|Any CPU.ActiveCfg = Debug|Any CPU
		{53F1BF1F-9DE9-426B-B51F-4A50BE6DDA0D}.Debug|Any CPU.Build.0 = Debug|Any CPU
		{53F1BF1F-9DE9-426B-B51F-4A50BE6DDA0D}.Release|Any CPU.ActiveCfg = Release|Any CPU
		{53F1BF1F-9DE9-426B-B51F-4A50BE6DDA0D}.Release|Any CPU.Build.0 = Release|Any CPU
		{50ACBB36-F4D0-44E6-856C-D928E2341CD5}.Debug|Any CPU.ActiveCfg = Debug|Any CPU
		{50ACBB36-F4D0-44E6-856C-D928E2341CD5}.Debug|Any CPU.Build.0 = Debug|Any CPU
		{50ACBB36-F4D0-44E6-856C-D928E2341CD5}.Release|Any CPU.ActiveCfg = Release|Any CPU
		{50ACBB36-F4D0-44E6-856C-D928E2341CD5}.Release|Any CPU.Build.0 = Release|Any CPU
	EndGlobalSection
	GlobalSection(SolutionProperties) = preSolution
		HideSolutionNode = FALSE
	EndGlobalSection
	GlobalSection(ExtensibilityGlobals) = postSolution
		SolutionGuid = {0F88B199-C6B2-4829-8C2E-2C9ED7ACF340}
	EndGlobalSection
EndGlobal
